
Microsoft Visual Studio Solution File, Format Version 12.00
# Visual Studio Version 17
VisualStudioVersion = 17.1.32210.238
MinimumVisualStudioVersion = 10.0.40219.1
Project("{9A19103F-16F7-4668-BE54-9A1E7A4F7556}") = "UpdateThumbnailPhoto", "UpdateThumbnailPhoto\UpdateThumbnailPhoto.csproj", "{33772B4A-D139-4EFF-8227-3CB7848DB5D5}"
EndProject
Global
	GlobalSection(SolutionConfigurationPlatforms) = preSolution
		Debug|Any CPU = Debug|Any CPU
		Release|Any CPU = Release|Any CPU
	EndGlobalSection
	GlobalSection(ProjectConfigurationPlatforms) = postSolution
		{33772B4A-D139-4EFF-8227-3CB7848DB5D5}.Debug|Any CPU.ActiveCfg = Debug|Any CPU
		{33772B4A-D139-4EFF-8227-3CB7848DB5D5}.Debug|Any CPU.Build.0 = Debug|Any CPU
		{33772B4A-D139-4EFF-8227-3CB7848DB5D5}.Release|Any CPU.ActiveCfg = Release|Any CPU
		{33772B4A-D139-4EFF-8227-3CB7848DB5D5}.Release|Any CPU.Build.0 = Release|Any CPU
	EndGlobalSection
	GlobalSection(SolutionProperties) = preSolution
		HideSolutionNode = FALSE
	EndGlobalSection
	GlobalSection(ExtensibilityGlobals) = postSolution
		SolutionGuid = {F2FC070F-398C-46D4-B0D4-D57EB21CAA34}
	EndGlobalSection
EndGlobal
